// !$*UTF8*$!
{
	archiveVersion = 1;
	classes = {
	};
	objectVersion = 46;
	objects = {

/* Begin PBXBuildFile section */
		5C00D7F623EB459485C23955 /* libPods.a in Frameworks */ = {isa = PBXBuildFile; fileRef = D43EB26441804C1C8433978D /* libPods.a */; };
		9EEA42E9C32C4E398D537CDF /* (null) in Frameworks */ = {isa = PBXBuildFile; };
		D71562EE18FF300B0053D77A /* TorchController.m in Sources */ = {isa = PBXBuildFile; fileRef = D71562ED18FF300B0053D77A /* TorchController.m */; };
		D71D22831900299100067ABC /* cancel.png in Resources */ = {isa = PBXBuildFile; fileRef = D71D22821900299100067ABC /* cancel.png */; };
		D768B7921900910600E86D4A /* LDProgressView.m in Sources */ = {isa = PBXBuildFile; fileRef = D768B78F1900910600E86D4A /* LDProgressView.m */; };
		D768B7931900910600E86D4A /* UIColor+RGBValues.m in Sources */ = {isa = PBXBuildFile; fileRef = D768B7911900910600E86D4A /* UIColor+RGBValues.m */; };
		D77A0BAB18FC813300E7C2EF /* Foundation.framework in Frameworks */ = {isa = PBXBuildFile; fileRef = D77A0BAA18FC813300E7C2EF /* Foundation.framework */; };
		D77A0BAD18FC813300E7C2EF /* CoreGraphics.framework in Frameworks */ = {isa = PBXBuildFile; fileRef = D77A0BAC18FC813300E7C2EF /* CoreGraphics.framework */; };
		D77A0BAF18FC813300E7C2EF /* UIKit.framework in Frameworks */ = {isa = PBXBuildFile; fileRef = D77A0BAE18FC813300E7C2EF /* UIKit.framework */; };
		D77A0BB518FC813300E7C2EF /* InfoPlist.strings in Resources */ = {isa = PBXBuildFile; fileRef = D77A0BB318FC813300E7C2EF /* InfoPlist.strings */; };
		D77A0BB718FC813300E7C2EF /* main.m in Sources */ = {isa = PBXBuildFile; fileRef = D77A0BB618FC813300E7C2EF /* main.m */; };
		D77A0BBB18FC813300E7C2EF /* AppDelegate.m in Sources */ = {isa = PBXBuildFile; fileRef = D77A0BBA18FC813300E7C2EF /* AppDelegate.m */; };
		D77A0BBE18FC813300E7C2EF /* Main.storyboard in Resources */ = {isa = PBXBuildFile; fileRef = D77A0BBC18FC813300E7C2EF /* Main.storyboard */; };
		D77A0BC118FC813300E7C2EF /* ViewController.m in Sources */ = {isa = PBXBuildFile; fileRef = D77A0BC018FC813300E7C2EF /* ViewController.m */; };
		D77A0BC318FC813300E7C2EF /* Images.xcassets in Resources */ = {isa = PBXBuildFile; fileRef = D77A0BC218FC813300E7C2EF /* Images.xcassets */; };
		D77A0BCA18FC813400E7C2EF /* XCTest.framework in Frameworks */ = {isa = PBXBuildFile; fileRef = D77A0BC918FC813400E7C2EF /* XCTest.framework */; };
		D77A0BCB18FC813400E7C2EF /* Foundation.framework in Frameworks */ = {isa = PBXBuildFile; fileRef = D77A0BAA18FC813300E7C2EF /* Foundation.framework */; };
		D77A0BCC18FC813400E7C2EF /* UIKit.framework in Frameworks */ = {isa = PBXBuildFile; fileRef = D77A0BAE18FC813300E7C2EF /* UIKit.framework */; };
		D77A0BD418FC813400E7C2EF /* InfoPlist.strings in Resources */ = {isa = PBXBuildFile; fileRef = D77A0BD218FC813400E7C2EF /* InfoPlist.strings */; };
		D77A0BD618FC813400E7C2EF /* MorseTests.m in Sources */ = {isa = PBXBuildFile; fileRef = D77A0BD518FC813400E7C2EF /* MorseTests.m */; };
		D77A0BE018FC822500E7C2EF /* ios-linen.jpg in Resources */ = {isa = PBXBuildFile; fileRef = D77A0BDF18FC822500E7C2EF /* ios-linen.jpg */; };
		D79EE1FB18FDAD0A004A6D15 /* customButton.png in Resources */ = {isa = PBXBuildFile; fileRef = D79EE1FA18FDAD0A004A6D15 /* customButton.png */; };
		D7D9156E18FDB6E80049A8FC /* AVFoundation.framework in Frameworks */ = {isa = PBXBuildFile; fileRef = D7D9156D18FDB6E80049A8FC /* AVFoundation.framework */; };
		D7D9157118FDC4D30049A8FC /* NSString+morseCode.m in Sources */ = {isa = PBXBuildFile; fileRef = D7D9157018FDC4D30049A8FC /* NSString+morseCode.m */; };
		D7FDDEB219006BAD00695E96 /* MorseReceiverVC.m in Sources */ = {isa = PBXBuildFile; fileRef = D7FDDEB119006BAD00695E96 /* MorseReceiverVC.m */; };
		D7FDDEB419007DAC00695E96 /* cameraflash.png in Resources */ = {isa = PBXBuildFile; fileRef = D7FDDEB319007DAC00695E96 /* cameraflash.png */; };
		D7FDDEB619007EF600695E96 /* RECEIVEButton.png in Resources */ = {isa = PBXBuildFile; fileRef = D7FDDEB519007EF600695E96 /* RECEIVEButton.png */; };
/* End PBXBuildFile section */

/* Begin PBXContainerItemProxy section */
		D77A0BCD18FC813400E7C2EF /* PBXContainerItemProxy */ = {
			isa = PBXContainerItemProxy;
			containerPortal = D77A0B9F18FC813300E7C2EF /* Project object */;
			proxyType = 1;
			remoteGlobalIDString = D77A0BA618FC813300E7C2EF;
			remoteInfo = Morse;
		};
/* End PBXContainerItemProxy section */

/* Begin PBXFileReference section */
		C762D3738C5D4E259C6C8E11 /* Pods.xcconfig */ = {isa = PBXFileReference; includeInIndex = 1; lastKnownFileType = text.xcconfig; name = Pods.xcconfig; path = Pods/Pods.xcconfig; sourceTree = "<group>"; };
		D43EB26441804C1C8433978D /* libPods.a */ = {isa = PBXFileReference; explicitFileType = archive.ar; includeInIndex = 0; path = libPods.a; sourceTree = BUILT_PRODUCTS_DIR; };
		D71562EC18FF300B0053D77A /* TorchController.h */ = {isa = PBXFileReference; fileEncoding = 4; lastKnownFileType = sourcecode.c.h; path = TorchController.h; sourceTree = "<group>"; };
		D71562ED18FF300B0053D77A /* TorchController.m */ = {isa = PBXFileReference; fileEncoding = 4; lastKnownFileType = sourcecode.c.objc; path = TorchController.m; sourceTree = "<group>"; };
		D71D22821900299100067ABC /* cancel.png */ = {isa = PBXFileReference; lastKnownFileType = image.png; path = cancel.png; sourceTree = "<group>"; };
		D768B78E1900910600E86D4A /* LDProgressView.h */ = {isa = PBXFileReference; fileEncoding = 4; lastKnownFileType = sourcecode.c.h; name = LDProgressView.h; path = Morse/LDProgressView.h; sourceTree = "<group>"; };
		D768B78F1900910600E86D4A /* LDProgressView.m */ = {isa = PBXFileReference; fileEncoding = 4; lastKnownFileType = sourcecode.c.objc; name = LDProgressView.m; path = Morse/LDProgressView.m; sourceTree = "<group>"; };
		D768B7901900910600E86D4A /* UIColor+RGBValues.h */ = {isa = PBXFileReference; fileEncoding = 4; lastKnownFileType = sourcecode.c.h; name = "UIColor+RGBValues.h"; path = "Morse/UIColor+RGBValues.h"; sourceTree = "<group>"; };
		D768B7911900910600E86D4A /* UIColor+RGBValues.m */ = {isa = PBXFileReference; fileEncoding = 4; lastKnownFileType = sourcecode.c.objc; name = "UIColor+RGBValues.m"; path = "Morse/UIColor+RGBValues.m"; sourceTree = "<group>"; };
		D77A0BA718FC813300E7C2EF /* Morse.app */ = {isa = PBXFileReference; explicitFileType = wrapper.application; includeInIndex = 0; path = Morse.app; sourceTree = BUILT_PRODUCTS_DIR; };
		D77A0BAA18FC813300E7C2EF /* Foundation.framework */ = {isa = PBXFileReference; lastKnownFileType = wrapper.framework; name = Foundation.framework; path = System/Library/Frameworks/Foundation.framework; sourceTree = SDKROOT; };
		D77A0BAC18FC813300E7C2EF /* CoreGraphics.framework */ = {isa = PBXFileReference; lastKnownFileType = wrapper.framework; name = CoreGraphics.framework; path = System/Library/Frameworks/CoreGraphics.framework; sourceTree = SDKROOT; };
		D77A0BAE18FC813300E7C2EF /* UIKit.framework */ = {isa = PBXFileReference; lastKnownFileType = wrapper.framework; name = UIKit.framework; path = System/Library/Frameworks/UIKit.framework; sourceTree = SDKROOT; };
		D77A0BB218FC813300E7C2EF /* Morse-Info.plist */ = {isa = PBXFileReference; lastKnownFileType = text.plist.xml; path = "Morse-Info.plist"; sourceTree = "<group>"; };
		D77A0BB418FC813300E7C2EF /* en */ = {isa = PBXFileReference; lastKnownFileType = text.plist.strings; name = en; path = en.lproj/InfoPlist.strings; sourceTree = "<group>"; };
		D77A0BB618FC813300E7C2EF /* main.m */ = {isa = PBXFileReference; lastKnownFileType = sourcecode.c.objc; path = main.m; sourceTree = "<group>"; };
		D77A0BB818FC813300E7C2EF /* Morse-Prefix.pch */ = {isa = PBXFileReference; lastKnownFileType = sourcecode.c.h; path = "Morse-Prefix.pch"; sourceTree = "<group>"; };
		D77A0BB918FC813300E7C2EF /* AppDelegate.h */ = {isa = PBXFileReference; lastKnownFileType = sourcecode.c.h; path = AppDelegate.h; sourceTree = "<group>"; };
		D77A0BBA18FC813300E7C2EF /* AppDelegate.m */ = {isa = PBXFileReference; lastKnownFileType = sourcecode.c.objc; path = AppDelegate.m; sourceTree = "<group>"; };
		D77A0BBD18FC813300E7C2EF /* Base */ = {isa = PBXFileReference; lastKnownFileType = file.storyboard; name = Base; path = Base.lproj/Main.storyboard; sourceTree = "<group>"; };
		D77A0BBF18FC813300E7C2EF /* ViewController.h */ = {isa = PBXFileReference; lastKnownFileType = sourcecode.c.h; path = ViewController.h; sourceTree = "<group>"; };
		D77A0BC018FC813300E7C2EF /* ViewController.m */ = {isa = PBXFileReference; lastKnownFileType = sourcecode.c.objc; path = ViewController.m; sourceTree = "<group>"; };
		D77A0BC218FC813300E7C2EF /* Images.xcassets */ = {isa = PBXFileReference; lastKnownFileType = folder.assetcatalog; name = Images.xcassets; path = ../Morse/Images.xcassets; sourceTree = "<group>"; };
		D77A0BC818FC813400E7C2EF /* MorseTests.xctest */ = {isa = PBXFileReference; explicitFileType = wrapper.cfbundle; includeInIndex = 0; path = MorseTests.xctest; sourceTree = BUILT_PRODUCTS_DIR; };
		D77A0BC918FC813400E7C2EF /* XCTest.framework */ = {isa = PBXFileReference; lastKnownFileType = wrapper.framework; name = XCTest.framework; path = Library/Frameworks/XCTest.framework; sourceTree = DEVELOPER_DIR; };
		D77A0BD118FC813400E7C2EF /* MorseTests-Info.plist */ = {isa = PBXFileReference; lastKnownFileType = text.plist.xml; path = "MorseTests-Info.plist"; sourceTree = "<group>"; };
		D77A0BD318FC813400E7C2EF /* en */ = {isa = PBXFileReference; lastKnownFileType = text.plist.strings; name = en; path = en.lproj/InfoPlist.strings; sourceTree = "<group>"; };
		D77A0BD518FC813400E7C2EF /* MorseTests.m */ = {isa = PBXFileReference; lastKnownFileType = sourcecode.c.objc; path = MorseTests.m; sourceTree = "<group>"; };
		D77A0BDF18FC822500E7C2EF /* ios-linen.jpg */ = {isa = PBXFileReference; lastKnownFileType = image.jpeg; path = "ios-linen.jpg"; sourceTree = "<group>"; };
		D79EE1FA18FDAD0A004A6D15 /* customButton.png */ = {isa = PBXFileReference; lastKnownFileType = image.png; path = customButton.png; sourceTree = "<group>"; };
		D7D9156D18FDB6E80049A8FC /* AVFoundation.framework */ = {isa = PBXFileReference; lastKnownFileType = wrapper.framework; name = AVFoundation.framework; path = System/Library/Frameworks/AVFoundation.framework; sourceTree = SDKROOT; };
		D7D9156F18FDC4D30049A8FC /* NSString+morseCode.h */ = {isa = PBXFileReference; fileEncoding = 4; lastKnownFileType = sourcecode.c.h; name = "NSString+morseCode.h"; path = "Morse/NSString+morseCode.h"; sourceTree = "<group>"; };
		D7D9157018FDC4D30049A8FC /* NSString+morseCode.m */ = {isa = PBXFileReference; fileEncoding = 4; lastKnownFileType = sourcecode.c.objc; name = "NSString+morseCode.m"; path = "Morse/NSString+morseCode.m"; sourceTree = "<group>"; };
		D7FDDEB019006BAD00695E96 /* MorseReceiverVC.h */ = {isa = PBXFileReference; fileEncoding = 4; lastKnownFileType = sourcecode.c.h; path = MorseReceiverVC.h; sourceTree = "<group>"; };
		D7FDDEB119006BAD00695E96 /* MorseReceiverVC.m */ = {isa = PBXFileReference; fileEncoding = 4; lastKnownFileType = sourcecode.c.objc; path = MorseReceiverVC.m; sourceTree = "<group>"; };
		D7FDDEB319007DAC00695E96 /* cameraflash.png */ = {isa = PBXFileReference; lastKnownFileType = image.png; path = cameraflash.png; sourceTree = "<group>"; };
		D7FDDEB519007EF600695E96 /* RECEIVEButton.png */ = {isa = PBXFileReference; lastKnownFileType = image.png; path = RECEIVEButton.png; sourceTree = "<group>"; };
/* End PBXFileReference section */

/* Begin PBXFrameworksBuildPhase section */
		D77A0BA418FC813300E7C2EF /* Frameworks */ = {
			isa = PBXFrameworksBuildPhase;
			buildActionMask = 2147483647;
			files = (
				D7D9156E18FDB6E80049A8FC /* AVFoundation.framework in Frameworks */,
				D77A0BAD18FC813300E7C2EF /* CoreGraphics.framework in Frameworks */,
				D77A0BAF18FC813300E7C2EF /* UIKit.framework in Frameworks */,
				D77A0BAB18FC813300E7C2EF /* Foundation.framework in Frameworks */,
				9EEA42E9C32C4E398D537CDF /* (null) in Frameworks */,
				5C00D7F623EB459485C23955 /* libPods.a in Frameworks */,
			);
			runOnlyForDeploymentPostprocessing = 0;
		};
		D77A0BC518FC813400E7C2EF /* Frameworks */ = {
			isa = PBXFrameworksBuildPhase;
			buildActionMask = 2147483647;
			files = (
				D77A0BCA18FC813400E7C2EF /* XCTest.framework in Frameworks */,
				D77A0BCC18FC813400E7C2EF /* UIKit.framework in Frameworks */,
				D77A0BCB18FC813400E7C2EF /* Foundation.framework in Frameworks */,
			);
			runOnlyForDeploymentPostprocessing = 0;
		};
/* End PBXFrameworksBuildPhase section */

/* Begin PBXGroup section */
		8748B032ECAD48E2B8B4D7E4 /* Frameworks */ = {
			isa = PBXGroup;
			children = (
				D7D9156D18FDB6E80049A8FC /* AVFoundation.framework */,
				D43EB26441804C1C8433978D /* libPods.a */,
			);
			name = Frameworks;
			sourceTree = "<group>";
		};
		D768B794190093BA00E86D4A /* pods */ = {
			isa = PBXGroup;
			children = (
				D768B78E1900910600E86D4A /* LDProgressView.h */,
				D768B78F1900910600E86D4A /* LDProgressView.m */,
				D768B7901900910600E86D4A /* UIColor+RGBValues.h */,
				D768B7911900910600E86D4A /* UIColor+RGBValues.m */,
			);
			name = pods;
			path = ..;
			sourceTree = "<group>";
		};
		D768B7951900A38B00E86D4A /* categories */ = {
			isa = PBXGroup;
			children = (
				D7D9156F18FDC4D30049A8FC /* NSString+morseCode.h */,
				D7D9157018FDC4D30049A8FC /* NSString+morseCode.m */,
			);
			name = categories;
			path = ..;
			sourceTree = "<group>";
		};
		D77A0B9E18FC813300E7C2EF = {
			isa = PBXGroup;
			children = (
				D77A0BB018FC813300E7C2EF /* Morse */,
				8748B032ECAD48E2B8B4D7E4 /* Frameworks */,
				C762D3738C5D4E259C6C8E11 /* Pods.xcconfig */,
			);
			sourceTree = "<group>";
		};
		D77A0BA818FC813300E7C2EF /* Products */ = {
			isa = PBXGroup;
			children = (
				D77A0BA718FC813300E7C2EF /* Morse.app */,
				D77A0BC818FC813400E7C2EF /* MorseTests.xctest */,
			);
			name = Products;
			path = ..;
			sourceTree = "<group>";
		};
		D77A0BA918FC813300E7C2EF /* Frameworks */ = {
			isa = PBXGroup;
			children = (
				D77A0BAA18FC813300E7C2EF /* Foundation.framework */,
				D77A0BAC18FC813300E7C2EF /* CoreGraphics.framework */,
				D77A0BAE18FC813300E7C2EF /* UIKit.framework */,
				D77A0BC918FC813400E7C2EF /* XCTest.framework */,
			);
			name = Frameworks;
			path = ..;
			sourceTree = "<group>";
		};
		D77A0BB018FC813300E7C2EF /* Morse */ = {
			isa = PBXGroup;
			children = (
				D768B794190093BA00E86D4A /* pods */,
				D768B7951900A38B00E86D4A /* categories */,
				D77A0BE318FC828200E7C2EF /* model */,
				D77A0BE118FC823A00E7C2EF /* controller */,
				D77A0BE218FC824A00E7C2EF /* view */,
			);
			path = Morse;
			sourceTree = "<group>";
		};
		D77A0BB118FC813300E7C2EF /* Supporting Files */ = {
			isa = PBXGroup;
			children = (
				D77A0BB218FC813300E7C2EF /* Morse-Info.plist */,
				D77A0BB318FC813300E7C2EF /* InfoPlist.strings */,
				D77A0BB618FC813300E7C2EF /* main.m */,
				D77A0BB818FC813300E7C2EF /* Morse-Prefix.pch */,
			);
			name = "Supporting Files";
			sourceTree = "<group>";
		};
		D77A0BCF18FC813400E7C2EF /* MorseTests */ = {
			isa = PBXGroup;
			children = (
				D77A0BC218FC813300E7C2EF /* Images.xcassets */,
				D77A0BD518FC813400E7C2EF /* MorseTests.m */,
				D77A0BD018FC813400E7C2EF /* Supporting Files */,
			);
			path = MorseTests;
			sourceTree = SOURCE_ROOT;
		};
		D77A0BD018FC813400E7C2EF /* Supporting Files */ = {
			isa = PBXGroup;
			children = (
				D77A0BD118FC813400E7C2EF /* MorseTests-Info.plist */,
				D77A0BD218FC813400E7C2EF /* InfoPlist.strings */,
			);
			name = "Supporting Files";
			sourceTree = "<group>";
		};
		D77A0BE118FC823A00E7C2EF /* controller */ = {
			isa = PBXGroup;
			children = (
				D77A0BB918FC813300E7C2EF /* AppDelegate.h */,
				D77A0BBA18FC813300E7C2EF /* AppDelegate.m */,
			);
			name = controller;
			sourceTree = "<group>";
		};
		D77A0BE218FC824A00E7C2EF /* view */ = {
			isa = PBXGroup;
			children = (
				D7FDDEB019006BAD00695E96 /* MorseReceiverVC.h */,
				D7FDDEB119006BAD00695E96 /* MorseReceiverVC.m */,
				D77A0BBF18FC813300E7C2EF /* ViewController.h */,
				D77A0BC018FC813300E7C2EF /* ViewController.m */,
				D7FDDEB719007EF900695E96 /* images */,
				D77A0BBC18FC813300E7C2EF /* Main.storyboard */,
				D77A0BB118FC813300E7C2EF /* Supporting Files */,
				D77A0BA818FC813300E7C2EF /* Products */,
				D77A0BA918FC813300E7C2EF /* Frameworks */,
				D77A0BCF18FC813400E7C2EF /* MorseTests */,
			);
			name = view;
			sourceTree = "<group>";
		};
		D77A0BE318FC828200E7C2EF /* model */ = {
			isa = PBXGroup;
			children = (
				D71562EC18FF300B0053D77A /* TorchController.h */,
				D71562ED18FF300B0053D77A /* TorchController.m */,
			);
			name = model;
			sourceTree = "<group>";
		};
		D7FDDEB719007EF900695E96 /* images */ = {
			isa = PBXGroup;
			children = (
				D7FDDEB519007EF600695E96 /* RECEIVEButton.png */,
				D7FDDEB319007DAC00695E96 /* cameraflash.png */,
				D71D22821900299100067ABC /* cancel.png */,
				D79EE1FA18FDAD0A004A6D15 /* customButton.png */,
				D77A0BDF18FC822500E7C2EF /* ios-linen.jpg */,
			);
			name = images;
			sourceTree = "<group>";
		};
/* End PBXGroup section */

/* Begin PBXNativeTarget section */
		D77A0BA618FC813300E7C2EF /* Morse */ = {
			isa = PBXNativeTarget;
			buildConfigurationList = D77A0BD918FC813400E7C2EF /* Build configuration list for PBXNativeTarget "Morse" */;
			buildPhases = (
				3273FD2DAA8D445EAC8FBA05 /* Check Pods Manifest.lock */,
				D77A0BA318FC813300E7C2EF /* Sources */,
				D77A0BA418FC813300E7C2EF /* Frameworks */,
				D77A0BA518FC813300E7C2EF /* Resources */,
				0B7BABF7696C4553BFAFA6BC /* Copy Pods Resources */,
			);
			buildRules = (
			);
			dependencies = (
			);
			name = Morse;
			productName = Morse;
			productReference = D77A0BA718FC813300E7C2EF /* Morse.app */;
			productType = "com.apple.product-type.application";
		};
		D77A0BC718FC813400E7C2EF /* MorseTests */ = {
			isa = PBXNativeTarget;
			buildConfigurationList = D77A0BDC18FC813400E7C2EF /* Build configuration list for PBXNativeTarget "MorseTests" */;
			buildPhases = (
				D77A0BC418FC813400E7C2EF /* Sources */,
				D77A0BC518FC813400E7C2EF /* Frameworks */,
				D77A0BC618FC813400E7C2EF /* Resources */,
			);
			buildRules = (
			);
			dependencies = (
				D77A0BCE18FC813400E7C2EF /* PBXTargetDependency */,
			);
			name = MorseTests;
			productName = MorseTests;
			productReference = D77A0BC818FC813400E7C2EF /* MorseTests.xctest */;
			productType = "com.apple.product-type.bundle.unit-test";
		};
/* End PBXNativeTarget section */

/* Begin PBXProject section */
		D77A0B9F18FC813300E7C2EF /* Project object */ = {
			isa = PBXProject;
			attributes = {
				LastUpgradeCheck = 0510;
				ORGANIZATIONNAME = potter.io;
				TargetAttributes = {
					D77A0BC718FC813400E7C2EF = {
						TestTargetID = D77A0BA618FC813300E7C2EF;
					};
				};
			};
			buildConfigurationList = D77A0BA218FC813300E7C2EF /* Build configuration list for PBXProject "Morse" */;
			compatibilityVersion = "Xcode 3.2";
			developmentRegion = English;
			hasScannedForEncodings = 0;
			knownRegions = (
				en,
				Base,
			);
			mainGroup = D77A0B9E18FC813300E7C2EF;
			productRefGroup = D77A0BA818FC813300E7C2EF /* Products */;
			projectDirPath = "";
			projectRoot = "";
			targets = (
				D77A0BA618FC813300E7C2EF /* Morse */,
				D77A0BC718FC813400E7C2EF /* MorseTests */,
			);
		};
/* End PBXProject section */

/* Begin PBXResourcesBuildPhase section */
		D77A0BA518FC813300E7C2EF /* Resources */ = {
			isa = PBXResourcesBuildPhase;
			buildActionMask = 2147483647;
			files = (
				D77A0BC318FC813300E7C2EF /* Images.xcassets in Resources */,
				D77A0BB518FC813300E7C2EF /* InfoPlist.strings in Resources */,
				D77A0BE018FC822500E7C2EF /* ios-linen.jpg in Resources */,
				D7FDDEB619007EF600695E96 /* RECEIVEButton.png in Resources */,
				D71D22831900299100067ABC /* cancel.png in Resources */,
				D7FDDEB419007DAC00695E96 /* cameraflash.png in Resources */,
				D79EE1FB18FDAD0A004A6D15 /* customButton.png in Resources */,
				D77A0BBE18FC813300E7C2EF /* Main.storyboard in Resources */,
			);
			runOnlyForDeploymentPostprocessing = 0;
		};
		D77A0BC618FC813400E7C2EF /* Resources */ = {
			isa = PBXResourcesBuildPhase;
			buildActionMask = 2147483647;
			files = (
				D77A0BD418FC813400E7C2EF /* InfoPlist.strings in Resources */,
			);
			runOnlyForDeploymentPostprocessing = 0;
		};
/* End PBXResourcesBuildPhase section */

/* Begin PBXShellScriptBuildPhase section */
		0B7BABF7696C4553BFAFA6BC /* Copy Pods Resources */ = {
			isa = PBXShellScriptBuildPhase;
			buildActionMask = 2147483647;
			files = (
			);
			inputPaths = (
			);
			name = "Copy Pods Resources";
			outputPaths = (
			);
			runOnlyForDeploymentPostprocessing = 0;
			shellPath = /bin/sh;
			shellScript = "\"${SRCROOT}/Pods/Pods-resources.sh\"\n";
			showEnvVarsInLog = 0;
		};
		3273FD2DAA8D445EAC8FBA05 /* Check Pods Manifest.lock */ = {
			isa = PBXShellScriptBuildPhase;
			buildActionMask = 2147483647;
			files = (
			);
			inputPaths = (
			);
			name = "Check Pods Manifest.lock";
			outputPaths = (
			);
			runOnlyForDeploymentPostprocessing = 0;
			shellPath = /bin/sh;
			shellScript = "diff \"${PODS_ROOT}/../Podfile.lock\" \"${PODS_ROOT}/Manifest.lock\" > /dev/null\nif [[ $? != 0 ]] ; then\n    cat << EOM\nerror: The sandbox is not in sync with the Podfile.lock. Run 'pod install' or update your CocoaPods installation.\nEOM\n    exit 1\nfi\n";
			showEnvVarsInLog = 0;
		};
/* End PBXShellScriptBuildPhase section */

/* Begin PBXSourcesBuildPhase section */
		D77A0BA318FC813300E7C2EF /* Sources */ = {
			isa = PBXSourcesBuildPhase;
			buildActionMask = 2147483647;
			files = (
				D7FDDEB219006BAD00695E96 /* MorseReceiverVC.m in Sources */,
				D768B7931900910600E86D4A /* UIColor+RGBValues.m in Sources */,
				D768B7921900910600E86D4A /* LDProgressView.m in Sources */,
				D71562EE18FF300B0053D77A /* TorchController.m in Sources */,
				D77A0BC118FC813300E7C2EF /* ViewController.m in Sources */,
				D77A0BBB18FC813300E7C2EF /* AppDelegate.m in Sources */,
				D77A0BB718FC813300E7C2EF /* main.m in Sources */,
				D7D9157118FDC4D30049A8FC /* NSString+morseCode.m in Sources */,
			);
			runOnlyForDeploymentPostprocessing = 0;
		};
		D77A0BC418FC813400E7C2EF /* Sources */ = {
			isa = PBXSourcesBuildPhase;
			buildActionMask = 2147483647;
			files = (
				D77A0BD618FC813400E7C2EF /* MorseTests.m in Sources */,
			);
			runOnlyForDeploymentPostprocessing = 0;
		};
/* End PBXSourcesBuildPhase section */

/* Begin PBXTargetDependency section */
		D77A0BCE18FC813400E7C2EF /* PBXTargetDependency */ = {
			isa = PBXTargetDependency;
			target = D77A0BA618FC813300E7C2EF /* Morse */;
			targetProxy = D77A0BCD18FC813400E7C2EF /* PBXContainerItemProxy */;
		};
/* End PBXTargetDependency section */

/* Begin PBXVariantGroup section */
		D77A0BB318FC813300E7C2EF /* InfoPlist.strings */ = {
			isa = PBXVariantGroup;
			children = (
				D77A0BB418FC813300E7C2EF /* en */,
			);
			name = InfoPlist.strings;
			sourceTree = "<group>";
		};
		D77A0BBC18FC813300E7C2EF /* Main.storyboard */ = {
			isa = PBXVariantGroup;
			children = (
				D77A0BBD18FC813300E7C2EF /* Base */,
			);
			name = Main.storyboard;
			sourceTree = "<group>";
		};
		D77A0BD218FC813400E7C2EF /* InfoPlist.strings */ = {
			isa = PBXVariantGroup;
			children = (
				D77A0BD318FC813400E7C2EF /* en */,
			);
			name = InfoPlist.strings;
			sourceTree = "<group>";
		};
/* End PBXVariantGroup section */

/* Begin XCBuildConfiguration section */
		D77A0BD718FC813400E7C2EF /* Debug */ = {
			isa = XCBuildConfiguration;
			buildSettings = {
				ALWAYS_SEARCH_USER_PATHS = NO;
				CLANG_CXX_LANGUAGE_STANDARD = "gnu++0x";
				CLANG_CXX_LIBRARY = "libc++";
				CLANG_ENABLE_MODULES = YES;
				CLANG_ENABLE_OBJC_ARC = YES;
				CLANG_WARN_BOOL_CONVERSION = YES;
				CLANG_WARN_CONSTANT_CONVERSION = YES;
				CLANG_WARN_DIRECT_OBJC_ISA_USAGE = YES_ERROR;
				CLANG_WARN_EMPTY_BODY = YES;
				CLANG_WARN_ENUM_CONVERSION = YES;
				CLANG_WARN_INT_CONVERSION = YES;
				CLANG_WARN_OBJC_ROOT_CLASS = YES_ERROR;
				CLANG_WARN__DUPLICATE_METHOD_MATCH = YES;
				"CODE_SIGN_IDENTITY[sdk=iphoneos*]" = "iPhone Developer";
				COPY_PHASE_STRIP = NO;
				GCC_C_LANGUAGE_STANDARD = gnu99;
				GCC_DYNAMIC_NO_PIC = NO;
				GCC_OPTIMIZATION_LEVEL = 0;
				GCC_PREPROCESSOR_DEFINITIONS = (
					"DEBUG=1",
					"$(inherited)",
				);
				GCC_SYMBOLS_PRIVATE_EXTERN = NO;
				GCC_WARN_64_TO_32_BIT_CONVERSION = YES;
				GCC_WARN_ABOUT_RETURN_TYPE = YES_ERROR;
				GCC_WARN_UNDECLARED_SELECTOR = YES;
				GCC_WARN_UNINITIALIZED_AUTOS = YES_AGGRESSIVE;
				GCC_WARN_UNUSED_FUNCTION = YES;
				GCC_WARN_UNUSED_VARIABLE = YES;
				IPHONEOS_DEPLOYMENT_TARGET = 7.1;
				ONLY_ACTIVE_ARCH = YES;
				SDKROOT = iphoneos;
			};
			name = Debug;
		};
		D77A0BD818FC813400E7C2EF /* Release */ = {
			isa = XCBuildConfiguration;
			buildSettings = {
				ALWAYS_SEARCH_USER_PATHS = NO;
				CLANG_CXX_LANGUAGE_STANDARD = "gnu++0x";
				CLANG_CXX_LIBRARY = "libc++";
				CLANG_ENABLE_MODULES = YES;
				CLANG_ENABLE_OBJC_ARC = YES;
				CLANG_WARN_BOOL_CONVERSION = YES;
				CLANG_WARN_CONSTANT_CONVERSION = YES;
				CLANG_WARN_DIRECT_OBJC_ISA_USAGE = YES_ERROR;
				CLANG_WARN_EMPTY_BODY = YES;
				CLANG_WARN_ENUM_CONVERSION = YES;
				CLANG_WARN_INT_CONVERSION = YES;
				CLANG_WARN_OBJC_ROOT_CLASS = YES_ERROR;
				CLANG_WARN__DUPLICATE_METHOD_MATCH = YES;
				"CODE_SIGN_IDENTITY[sdk=iphoneos*]" = "iPhone Developer";
				COPY_PHASE_STRIP = YES;
				ENABLE_NS_ASSERTIONS = NO;
				GCC_C_LANGUAGE_STANDARD = gnu99;
				GCC_WARN_64_TO_32_BIT_CONVERSION = YES;
				GCC_WARN_ABOUT_RETURN_TYPE = YES_ERROR;
				GCC_WARN_UNDECLARED_SELECTOR = YES;
				GCC_WARN_UNINITIALIZED_AUTOS = YES_AGGRESSIVE;
				GCC_WARN_UNUSED_FUNCTION = YES;
				GCC_WARN_UNUSED_VARIABLE = YES;
				IPHONEOS_DEPLOYMENT_TARGET = 7.1;
				SDKROOT = iphoneos;
				VALIDATE_PRODUCT = YES;
			};
			name = Release;
		};
		D77A0BDA18FC813400E7C2EF /* Debug */ = {
			isa = XCBuildConfiguration;
			baseConfigurationReference = C762D3738C5D4E259C6C8E11 /* Pods.xcconfig */;
			buildSettings = {
				ASSETCATALOG_COMPILER_APPICON_NAME = AppIcon;
				ASSETCATALOG_COMPILER_LAUNCHIMAGE_NAME = LaunchImage;
				GCC_PRECOMPILE_PREFIX_HEADER = YES;
				GCC_PREFIX_HEADER = "Morse/Morse-Prefix.pch";
				INFOPLIST_FILE = "Morse/Morse-Info.plist";
				PRODUCT_NAME = "$(TARGET_NAME)";
				WRAPPER_EXTENSION = app;
			};
			name = Debug;
		};
		D77A0BDB18FC813400E7C2EF /* Release */ = {
			isa = XCBuildConfiguration;
			baseConfigurationReference = C762D3738C5D4E259C6C8E11 /* Pods.xcconfig */;
			buildSettings = {
				ASSETCATALOG_COMPILER_APPICON_NAME = AppIcon;
				ASSETCATALOG_COMPILER_LAUNCHIMAGE_NAME = LaunchImage;
				GCC_PRECOMPILE_PREFIX_HEADER = YES;
				GCC_PREFIX_HEADER = "Morse/Morse-Prefix.pch";
				INFOPLIST_FILE = "Morse/Morse-Info.plist";
				PRODUCT_NAME = "$(TARGET_NAME)";
				WRAPPER_EXTENSION = app;
			};
			name = Release;
		};
		D77A0BDD18FC813400E7C2EF /* Debug */ = {
			isa = XCBuildConfiguration;
			buildSettings = {
				BUNDLE_LOADER = "$(BUILT_PRODUCTS_DIR)/Morse.app/Morse";
				FRAMEWORK_SEARCH_PATHS = (
					"$(SDKROOT)/Developer/Library/Frameworks",
					"$(inherited)",
					"$(DEVELOPER_FRAMEWORKS_DIR)",
				);
				GCC_PRECOMPILE_PREFIX_HEADER = YES;
				GCC_PREFIX_HEADER = "Morse/Morse-Prefix.pch";
				GCC_PREPROCESSOR_DEFINITIONS = (
					"DEBUG=1",
					"$(inherited)",
				);
				INFOPLIST_FILE = "MorseTests/MorseTests-Info.plist";
				PRODUCT_NAME = "$(TARGET_NAME)";
				TEST_HOST = "$(BUNDLE_LOADER)";
				WRAPPER_EXTENSION = xctest;
			};
			name = Debug;
		};
		D77A0BDE18FC813400E7C2EF /* Release */ = {
			isa = XCBuildConfiguration;
			buildSettings = {
				BUNDLE_LOADER = "$(BUILT_PRODUCTS_DIR)/Morse.app/Morse";
				FRAMEWORK_SEARCH_PATHS = (
					"$(SDKROOT)/Developer/Library/Frameworks",
					"$(inherited)",
					"$(DEVELOPER_FRAMEWORKS_DIR)",
				);
				GCC_PRECOMPILE_PREFIX_HEADER = YES;
				GCC_PREFIX_HEADER = "Morse/Morse-Prefix.pch";
				INFOPLIST_FILE = "MorseTests/MorseTests-Info.plist";
				PRODUCT_NAME = "$(TARGET_NAME)";
				TEST_HOST = "$(BUNDLE_LOADER)";
				WRAPPER_EXTENSION = xctest;
			};
			name = Release;
		};
/* End XCBuildConfiguration section */

/* Begin XCConfigurationList section */
		D77A0BA218FC813300E7C2EF /* Build configuration list for PBXProject "Morse" */ = {
			isa = XCConfigurationList;
			buildConfigurations = (
				D77A0BD718FC813400E7C2EF /* Debug */,
				D77A0BD818FC813400E7C2EF /* Release */,
			);
			defaultConfigurationIsVisible = 0;
			defaultConfigurationName = Release;
		};
		D77A0BD918FC813400E7C2EF /* Build configuration list for PBXNativeTarget "Morse" */ = {
			isa = XCConfigurationList;
			buildConfigurations = (
				D77A0BDA18FC813400E7C2EF /* Debug */,
				D77A0BDB18FC813400E7C2EF /* Release */,
			);
			defaultConfigurationIsVisible = 0;
			defaultConfigurationName = Release;
		};
		D77A0BDC18FC813400E7C2EF /* Build configuration list for PBXNativeTarget "MorseTests" */ = {
			isa = XCConfigurationList;
			buildConfigurations = (
				D77A0BDD18FC813400E7C2EF /* Debug */,
				D77A0BDE18FC813400E7C2EF /* Release */,
			);
			defaultConfigurationIsVisible = 0;
			defaultConfigurationName = Release;
		};
/* End XCConfigurationList section */
	};
	rootObject = D77A0B9F18FC813300E7C2EF /* Project object */;
}
